
Microsoft Visual Studio Solution File, Format Version 12.00
# Visual Studio Version 16
VisualStudioVersion = 25.0.1705.5
MinimumVisualStudioVersion = 10.0.40219.1
Project("{FAE04EC0-301F-11D3-BF4B-00C04F79EFBC}") = "Fiorello.App", "Fiorello.App\Fiorello.App.csproj", "{AB2B64FF-0607-41AE-A3E0-6CD3D986675B}"
EndProject
Project("{FAE04EC0-301F-11D3-BF4B-00C04F79EFBC}") = "Fiorello.Core", "Fiorello.Core\Fiorello.Core.csproj", "{FA971177-A5AC-4595-B2AD-58C687DD5BF2}"
EndProject
Global
	GlobalSection(SolutionConfigurationPlatforms) = preSolution
		Debug|Any CPU = Debug|Any CPU
		Release|Any CPU = Release|Any CPU
	EndGlobalSection
	GlobalSection(ProjectConfigurationPlatforms) = postSolution
		{AB2B64FF-0607-41AE-A3E0-6CD3D986675B}.Debug|Any CPU.ActiveCfg = Debug|Any CPU
		{AB2B64FF-0607-41AE-A3E0-6CD3D986675B}.Debug|Any CPU.Build.0 = Debug|Any CPU
		{AB2B64FF-0607-41AE-A3E0-6CD3D986675B}.Release|Any CPU.ActiveCfg = Release|Any CPU
		{AB2B64FF-0607-41AE-A3E0-6CD3D986675B}.Release|Any CPU.Build.0 = Release|Any CPU
		{FA971177-A5AC-4595-B2AD-58C687DD5BF2}.Debug|Any CPU.ActiveCfg = Debug|Any CPU
		{FA971177-A5AC-4595-B2AD-58C687DD5BF2}.Debug|Any CPU.Build.0 = Debug|Any CPU
		{FA971177-A5AC-4595-B2AD-58C687DD5BF2}.Release|Any CPU.ActiveCfg = Release|Any CPU
		{FA971177-A5AC-4595-B2AD-58C687DD5BF2}.Release|Any CPU.Build.0 = Release|Any CPU
	EndGlobalSection
	GlobalSection(SolutionProperties) = preSolution
		HideSolutionNode = FALSE
	EndGlobalSection
	GlobalSection(ExtensibilityGlobals) = postSolution
		SolutionGuid = {1E00A394-FAF0-4722-9AA5-2FB651861505}
	EndGlobalSection
EndGlobal
